
Microsoft Visual Studio Solution File, Format Version 12.00
# Visual Studio Version 16
VisualStudioVersion = 16.0.29905.134
MinimumVisualStudioVersion = 10.0.40219.1
Project("{FAE04EC0-301F-11D3-BF4B-00C04F79EFBC}") = "ITUniversity.Tasks.Web", "ITUniversity.Tasks.Web\ITUniversity.Tasks.Web.csproj", "{6569BA1F-E1B6-4FCC-9691-B48AAB6E850D}"
EndProject
Project("{FAE04EC0-301F-11D3-BF4B-00C04F79EFBC}") = "ITUniversity.Tasks.Core", "ITUniversity.Tasks.Core\ITUniversity.Tasks.Core.csproj", "{9A9B6147-A402-40D9-B587-5D2CF0DC4E3B}"
EndProject
Global
	GlobalSection(SolutionConfigurationPlatforms) = preSolution
		Debug|Any CPU = Debug|Any CPU
		Release|Any CPU = Release|Any CPU
	EndGlobalSection
	GlobalSection(ProjectConfigurationPlatforms) = postSolution
		{6569BA1F-E1B6-4FCC-9691-B48AAB6E850D}.Debug|Any CPU.ActiveCfg = Debug|Any CPU
		{6569BA1F-E1B6-4FCC-9691-B48AAB6E850D}.Debug|Any CPU.Build.0 = Debug|Any CPU
		{6569BA1F-E1B6-4FCC-9691-B48AAB6E850D}.Release|Any CPU.ActiveCfg = Release|Any CPU
		{6569BA1F-E1B6-4FCC-9691-B48AAB6E850D}.Release|Any CPU.Build.0 = Release|Any CPU
		{9A9B6147-A402-40D9-B587-5D2CF0DC4E3B}.Debug|Any CPU.ActiveCfg = Debug|Any CPU
		{9A9B6147-A402-40D9-B587-5D2CF0DC4E3B}.Debug|Any CPU.Build.0 = Debug|Any CPU
		{9A9B6147-A402-40D9-B587-5D2CF0DC4E3B}.Release|Any CPU.ActiveCfg = Release|Any CPU
		{9A9B6147-A402-40D9-B587-5D2CF0DC4E3B}.Release|Any CPU.Build.0 = Release|Any CPU
	EndGlobalSection
	GlobalSection(SolutionProperties) = preSolution
		HideSolutionNode = FALSE
	EndGlobalSection
	GlobalSection(ExtensibilityGlobals) = postSolution
		SolutionGuid = {F7C22735-8C0F-40C8-9A1A-8AFCADBD5822}
	EndGlobalSection
EndGlobal
